
Microsoft Visual Studio Solution File, Format Version 12.00
# Visual Studio Version 17
VisualStudioVersion = 17.6.33815.320
MinimumVisualStudioVersion = 10.0.40219.1
Project("{FAE04EC0-301F-11D3-BF4B-00C04F79EFBC}") = "PL", "PL\PL.csproj", "{4A694A8F-9A5A-4264-90CA-C38D015F0665}"
EndProject
Project("{FAE04EC0-301F-11D3-BF4B-00C04F79EFBC}") = "ML", "ML\ML.csproj", "{B831042D-52F4-43F8-B925-10E5447061B8}"
EndProject
Project("{FAE04EC0-301F-11D3-BF4B-00C04F79EFBC}") = "BL", "BL\BL.csproj", "{B206D6CC-28ED-44AC-B20A-AFFF3AB04C84}"
EndProject
Project("{FAE04EC0-301F-11D3-BF4B-00C04F79EFBC}") = "DL", "DL\DL.csproj", "{5334C2C4-28C3-4C2A-983F-1964B17F28E1}"
EndProject
Project("{FAE04EC0-301F-11D3-BF4B-00C04F79EFBC}") = "SL_WebApI", "SL_WebApI\SL_WebApI.csproj", "{C57A4F88-5EB2-4644-822F-6577BBF15737}"
EndProject
Global
	GlobalSection(SolutionConfigurationPlatforms) = preSolution
		Debug|Any CPU = Debug|Any CPU
		Release|Any CPU = Release|Any CPU
	EndGlobalSection
	GlobalSection(ProjectConfigurationPlatforms) = postSolution
		{4A694A8F-9A5A-4264-90CA-C38D015F0665}.Debug|Any CPU.ActiveCfg = Debug|Any CPU
		{4A694A8F-9A5A-4264-90CA-C38D015F0665}.Debug|Any CPU.Build.0 = Debug|Any CPU
		{4A694A8F-9A5A-4264-90CA-C38D015F0665}.Release|Any CPU.ActiveCfg = Release|Any CPU
		{4A694A8F-9A5A-4264-90CA-C38D015F0665}.Release|Any CPU.Build.0 = Release|Any CPU
		{B831042D-52F4-43F8-B925-10E5447061B8}.Debug|Any CPU.ActiveCfg = Debug|Any CPU
		{B831042D-52F4-43F8-B925-10E5447061B8}.Debug|Any CPU.Build.0 = Debug|Any CPU
		{B831042D-52F4-43F8-B925-10E5447061B8}.Release|Any CPU.ActiveCfg = Release|Any CPU
		{B831042D-52F4-43F8-B925-10E5447061B8}.Release|Any CPU.Build.0 = Release|Any CPU
		{B206D6CC-28ED-44AC-B20A-AFFF3AB04C84}.Debug|Any CPU.ActiveCfg = Debug|Any CPU
		{B206D6CC-28ED-44AC-B20A-AFFF3AB04C84}.Debug|Any CPU.Build.0 = Debug|Any CPU
		{B206D6CC-28ED-44AC-B20A-AFFF3AB04C84}.Release|Any CPU.ActiveCfg = Release|Any CPU
		{B206D6CC-28ED-44AC-B20A-AFFF3AB04C84}.Release|Any CPU.Build.0 = Release|Any CPU
		{5334C2C4-28C3-4C2A-983F-1964B17F28E1}.Debug|Any CPU.ActiveCfg = Debug|Any CPU
		{5334C2C4-28C3-4C2A-983F-1964B17F28E1}.Debug|Any CPU.Build.0 = Debug|Any CPU
		{5334C2C4-28C3-4C2A-983F-1964B17F28E1}.Release|Any CPU.ActiveCfg = Release|Any CPU
		{5334C2C4-28C3-4C2A-983F-1964B17F28E1}.Release|Any CPU.Build.0 = Release|Any CPU
		{C57A4F88-5EB2-4644-822F-6577BBF15737}.Debug|Any CPU.ActiveCfg = Debug|Any CPU
		{C57A4F88-5EB2-4644-822F-6577BBF15737}.Debug|Any CPU.Build.0 = Debug|Any CPU
		{C57A4F88-5EB2-4644-822F-6577BBF15737}.Release|Any CPU.ActiveCfg = Release|Any CPU
		{C57A4F88-5EB2-4644-822F-6577BBF15737}.Release|Any CPU.Build.0 = Release|Any CPU
	EndGlobalSection
	GlobalSection(SolutionProperties) = preSolution
		HideSolutionNode = FALSE
	EndGlobalSection
	GlobalSection(ExtensibilityGlobals) = postSolution
		SolutionGuid = {A4234B54-50DA-485F-A287-47B3171551F9}
	EndGlobalSection
EndGlobal
